
Microsoft Visual Studio Solution File, Format Version 12.00
# Visual Studio 2012
Project("{FAE04EC0-301F-11D3-BF4B-00C04F79EFBC}") = "VMFInstanceInserter", "VMFInstanceInserter\VMFInstanceInserter.csproj", "{ABF97382-417B-40DF-A9E5-9750A6457D91}"
EndProject
Project("{FAE04EC0-301F-11D3-BF4B-00C04F79EFBC}") = "VMFIITestProject", "VMFIITestProject\VMFIITestProject.csproj", "{22B97120-7F87-41B1-AF63-9E46A52CD0C1}"
EndProject
Global
	GlobalSection(SolutionConfigurationPlatforms) = preSolution
		Debug|Any CPU = Debug|Any CPU
		Debug|Mixed Platforms = Debug|Mixed Platforms
		Debug|x86 = Debug|x86
		Release|Any CPU = Release|Any CPU
		Release|Mixed Platforms = Release|Mixed Platforms
		Release|x86 = Release|x86
	EndGlobalSection
	GlobalSection(ProjectConfigurationPlatforms) = postSolution
		{ABF97382-417B-40DF-A9E5-9750A6457D91}.Debug|Any CPU.ActiveCfg = Debug|x86
		{ABF97382-417B-40DF-A9E5-9750A6457D91}.Debug|Mixed Platforms.ActiveCfg = Debug|x86
		{ABF97382-417B-40DF-A9E5-9750A6457D91}.Debug|Mixed Platforms.Build.0 = Debug|x86
		{ABF97382-417B-40DF-A9E5-9750A6457D91}.Debug|x86.ActiveCfg = Debug|x86
		{ABF97382-417B-40DF-A9E5-9750A6457D91}.Debug|x86.Build.0 = Debug|x86
		{ABF97382-417B-40DF-A9E5-9750A6457D91}.Release|Any CPU.ActiveCfg = Release|x86
		{ABF97382-417B-40DF-A9E5-9750A6457D91}.Release|Mixed Platforms.ActiveCfg = Release|x86
		{ABF97382-417B-40DF-A9E5-9750A6457D91}.Release|Mixed Platforms.Build.0 = Release|x86
		{ABF97382-417B-40DF-A9E5-9750A6457D91}.Release|x86.ActiveCfg = Release|x86
		{ABF97382-417B-40DF-A9E5-9750A6457D91}.Release|x86.Build.0 = Release|x86
		{22B97120-7F87-41B1-AF63-9E46A52CD0C1}.Debug|Any CPU.ActiveCfg = Debug|Any CPU
		{22B97120-7F87-41B1-AF63-9E46A52CD0C1}.Debug|Any CPU.Build.0 = Debug|Any CPU
		{22B97120-7F87-41B1-AF63-9E46A52CD0C1}.Debug|Mixed Platforms.ActiveCfg = Debug|Any CPU
		{22B97120-7F87-41B1-AF63-9E46A52CD0C1}.Debug|Mixed Platforms.Build.0 = Debug|Any CPU
		{22B97120-7F87-41B1-AF63-9E46A52CD0C1}.Debug|x86.ActiveCfg = Debug|Any CPU
		{22B97120-7F87-41B1-AF63-9E46A52CD0C1}.Release|Any CPU.ActiveCfg = Release|Any CPU
		{22B97120-7F87-41B1-AF63-9E46A52CD0C1}.Release|Any CPU.Build.0 = Release|Any CPU
		{22B97120-7F87-41B1-AF63-9E46A52CD0C1}.Release|Mixed Platforms.ActiveCfg = Release|Any CPU
		{22B97120-7F87-41B1-AF63-9E46A52CD0C1}.Release|Mixed Platforms.Build.0 = Release|Any CPU
		{22B97120-7F87-41B1-AF63-9E46A52CD0C1}.Release|x86.ActiveCfg = Release|Any CPU
	EndGlobalSection
	GlobalSection(SolutionProperties) = preSolution
		HideSolutionNode = FALSE
	EndGlobalSection
EndGlobal
